
Microsoft Visual Studio Solution File, Format Version 12.00
# Visual Studio Version 17
VisualStudioVersion = 17.14.36221.1 d17.14
MinimumVisualStudioVersion = 10.0.40219.1
Project("{FAE04EC0-301F-11D3-BF4B-00C04F79EFBC}") = "NETutorial", "NETutorial.csproj", "{B3AB1E4E-95D1-488E-B5EB-3DD572ED8968}"
EndProject
Global
	GlobalSection(SolutionConfigurationPlatforms) = preSolution
		Debug|Any CPU = Debug|Any CPU
		Release|Any CPU = Release|Any CPU
	EndGlobalSection
	GlobalSection(ProjectConfigurationPlatforms) = postSolution
		{B3AB1E4E-95D1-488E-B5EB-3DD572ED8968}.Debug|Any CPU.ActiveCfg = Debug|Any CPU
		{B3AB1E4E-95D1-488E-B5EB-3DD572ED8968}.Debug|Any CPU.Build.0 = Debug|Any CPU
		{B3AB1E4E-95D1-488E-B5EB-3DD572ED8968}.Release|Any CPU.ActiveCfg = Release|Any CPU
		{B3AB1E4E-95D1-488E-B5EB-3DD572ED8968}.Release|Any CPU.Build.0 = Release|Any CPU
	EndGlobalSection
	GlobalSection(SolutionProperties) = preSolution
		HideSolutionNode = FALSE
	EndGlobalSection
	GlobalSection(ExtensibilityGlobals) = postSolution
		SolutionGuid = {160B831B-7DCD-4168-BECD-2BAA4689F430}
	EndGlobalSection
EndGlobal
